// !$*UTF8*$!
{
	archiveVersion = 1;
	classes = {
	};
	objectVersion = 46;
	objects = {

/* Begin PBXBuildFile section */
		47463518475F39794456DCB7 /* Pods_SCJSONUtilDemo.framework in Frameworks */ = {isa = PBXBuildFile; fileRef = E6C2B7C4033FF3CDBAC14D5E /* Pods_SCJSONUtilDemo.framework */; };
		C342B2A01F218554007F04FC /* main.m in Sources */ = {isa = PBXBuildFile; fileRef = C342B29F1F218554007F04FC /* main.m */; };
		C342B2A31F218554007F04FC /* AppDelegate.m in Sources */ = {isa = PBXBuildFile; fileRef = C342B2A21F218554007F04FC /* AppDelegate.m */; };
		C342B2A61F218554007F04FC /* ViewController.m in Sources */ = {isa = PBXBuildFile; fileRef = C342B2A51F218554007F04FC /* ViewController.m */; };
		C342B2A91F218554007F04FC /* Main.storyboard in Resources */ = {isa = PBXBuildFile; fileRef = C342B2A71F218554007F04FC /* Main.storyboard */; };
		C342B2AB1F218554007F04FC /* Assets.xcassets in Resources */ = {isa = PBXBuildFile; fileRef = C342B2AA1F218554007F04FC /* Assets.xcassets */; };
		C342B2AE1F218554007F04FC /* LaunchScreen.storyboard in Resources */ = {isa = PBXBuildFile; fileRef = C342B2AC1F218554007F04FC /* LaunchScreen.storyboard */; };
		C342B2CC1F2186B9007F04FC /* NSArray+DebugDescription.m in Sources */ = {isa = PBXBuildFile; fileRef = C342B2B71F2186B9007F04FC /* NSArray+DebugDescription.m */; };
		C342B2CD1F2186B9007F04FC /* NSObject+DebugDescription.m in Sources */ = {isa = PBXBuildFile; fileRef = C342B2B91F2186B9007F04FC /* NSObject+DebugDescription.m */; };
		C342B2CE1F2186B9007F04FC /* NSObject+PrintProperties.m in Sources */ = {isa = PBXBuildFile; fileRef = C342B2BB1F2186B9007F04FC /* NSObject+PrintProperties.m */; };
		C342B2CF1F2186B9007F04FC /* Car.json in Resources */ = {isa = PBXBuildFile; fileRef = C342B2BD1F2186B9007F04FC /* Car.json */; };
		C342B2D01F2186B9007F04FC /* FavConcern.json in Resources */ = {isa = PBXBuildFile; fileRef = C342B2BE1F2186B9007F04FC /* FavConcern.json */; };
		C342B2D11F2186B9007F04FC /* newMainPageFirst.json in Resources */ = {isa = PBXBuildFile; fileRef = C342B2BF1F2186B9007F04FC /* newMainPageFirst.json */; };
		C342B2D21F2186B9007F04FC /* newMainPageSecond.json in Resources */ = {isa = PBXBuildFile; fileRef = C342B2C01F2186B9007F04FC /* newMainPageSecond.json */; };
		C342B2D31F2186B9007F04FC /* NewRecProduct.json in Resources */ = {isa = PBXBuildFile; fileRef = C342B2C11F2186B9007F04FC /* NewRecProduct.json */; };
		C342B2D41F2186B9007F04FC /* Userinfo.json in Resources */ = {isa = PBXBuildFile; fileRef = C342B2C21F2186B9007F04FC /* Userinfo.json */; };
		C342B2D51F2186B9007F04FC /* Car.m in Sources */ = {isa = PBXBuildFile; fileRef = C342B2C51F2186B9007F04FC /* Car.m */; };
		C342B2D61F2186B9007F04FC /* FavModel.m in Sources */ = {isa = PBXBuildFile; fileRef = C342B2C71F2186B9007F04FC /* FavModel.m */; };
		C342B2D71F2186B9007F04FC /* GalleryModel.m in Sources */ = {isa = PBXBuildFile; fileRef = C342B2C91F2186B9007F04FC /* GalleryModel.m */; };
		C342B2D81F2186B9007F04FC /* UserInfoModel.m in Sources */ = {isa = PBXBuildFile; fileRef = C342B2CB1F2186B9007F04FC /* UserInfoModel.m */; };
		DD58AFFF238D01EE00E47BB1 /* OCTypes.json in Resources */ = {isa = PBXBuildFile; fileRef = DD58AFFE238D01EE00E47BB1 /* OCTypes.json */; };
		DD58B002238D035B00E47BB1 /* OCTypes.m in Sources */ = {isa = PBXBuildFile; fileRef = DD58B001238D035B00E47BB1 /* OCTypes.m */; };
		DD99FD0721EF0C3000584AC4 /* Video.json in Resources */ = {isa = PBXBuildFile; fileRef = DD99FD0621EF0C3000584AC4 /* Video.json */; };
		DD99FD0A21EF0C4200584AC4 /* VideoList.m in Sources */ = {isa = PBXBuildFile; fileRef = DD99FD0921EF0C4200584AC4 /* VideoList.m */; };
		DDA214172227C2700001F585 /* VideoInfo.json in Resources */ = {isa = PBXBuildFile; fileRef = DDA214162227C2700001F585 /* VideoInfo.json */; };
		DDA2141A2227C31B0001F585 /* VideoInfo.m in Sources */ = {isa = PBXBuildFile; fileRef = DDA214192227C31B0001F585 /* VideoInfo.m */; };
/* End PBXBuildFile section */

/* Begin PBXFileReference section */
		068B6847047E9305872A6FA4 /* Pods-SCJSONUtilDemo.release.xcconfig */ = {isa = PBXFileReference; includeInIndex = 1; lastKnownFileType = text.xcconfig; name = "Pods-SCJSONUtilDemo.release.xcconfig"; path = "Target Support Files/Pods-SCJSONUtilDemo/Pods-SCJSONUtilDemo.release.xcconfig"; sourceTree = "<group>"; };
		C342B29B1F218554007F04FC /* SCJSONUtilDemo.app */ = {isa = PBXFileReference; explicitFileType = wrapper.application; includeInIndex = 0; path = SCJSONUtilDemo.app; sourceTree = BUILT_PRODUCTS_DIR; };
		C342B29F1F218554007F04FC /* main.m */ = {isa = PBXFileReference; lastKnownFileType = sourcecode.c.objc; path = main.m; sourceTree = "<group>"; };
		C342B2A11F218554007F04FC /* AppDelegate.h */ = {isa = PBXFileReference; lastKnownFileType = sourcecode.c.h; path = AppDelegate.h; sourceTree = "<group>"; };
		C342B2A21F218554007F04FC /* AppDelegate.m */ = {isa = PBXFileReference; lastKnownFileType = sourcecode.c.objc; path = AppDelegate.m; sourceTree = "<group>"; };
		C342B2A41F218554007F04FC /* ViewController.h */ = {isa = PBXFileReference; lastKnownFileType = sourcecode.c.h; path = ViewController.h; sourceTree = "<group>"; };
		C342B2A51F218554007F04FC /* ViewController.m */ = {isa = PBXFileReference; lastKnownFileType = sourcecode.c.objc; path = ViewController.m; sourceTree = "<group>"; };
		C342B2A81F218554007F04FC /* Base */ = {isa = PBXFileReference; lastKnownFileType = file.storyboard; name = Base; path = Base.lproj/Main.storyboard; sourceTree = "<group>"; };
		C342B2AA1F218554007F04FC /* Assets.xcassets */ = {isa = PBXFileReference; lastKnownFileType = folder.assetcatalog; path = Assets.xcassets; sourceTree = "<group>"; };
		C342B2AD1F218554007F04FC /* Base */ = {isa = PBXFileReference; lastKnownFileType = file.storyboard; name = Base; path = Base.lproj/LaunchScreen.storyboard; sourceTree = "<group>"; };
		C342B2AF1F218554007F04FC /* Info.plist */ = {isa = PBXFileReference; lastKnownFileType = text.plist.xml; path = Info.plist; sourceTree = "<group>"; };
		C342B2B61F2186B9007F04FC /* NSArray+DebugDescription.h */ = {isa = PBXFileReference; fileEncoding = 4; lastKnownFileType = sourcecode.c.h; path = "NSArray+DebugDescription.h"; sourceTree = "<group>"; };
		C342B2B71F2186B9007F04FC /* NSArray+DebugDescription.m */ = {isa = PBXFileReference; fileEncoding = 4; lastKnownFileType = sourcecode.c.objc; path = "NSArray+DebugDescription.m"; sourceTree = "<group>"; };
		C342B2B81F2186B9007F04FC /* NSObject+DebugDescription.h */ = {isa = PBXFileReference; fileEncoding = 4; lastKnownFileType = sourcecode.c.h; path = "NSObject+DebugDescription.h"; sourceTree = "<group>"; };
		C342B2B91F2186B9007F04FC /* NSObject+DebugDescription.m */ = {isa = PBXFileReference; fileEncoding = 4; lastKnownFileType = sourcecode.c.objc; path = "NSObject+DebugDescription.m"; sourceTree = "<group>"; };
		C342B2BA1F2186B9007F04FC /* NSObject+PrintProperties.h */ = {isa = PBXFileReference; fileEncoding = 4; lastKnownFileType = sourcecode.c.h; path = "NSObject+PrintProperties.h"; sourceTree = "<group>"; };
		C342B2BB1F2186B9007F04FC /* NSObject+PrintProperties.m */ = {isa = PBXFileReference; fileEncoding = 4; lastKnownFileType = sourcecode.c.objc; path = "NSObject+PrintProperties.m"; sourceTree = "<group>"; };
		C342B2BD1F2186B9007F04FC /* Car.json */ = {isa = PBXFileReference; fileEncoding = 4; lastKnownFileType = text.json; path = Car.json; sourceTree = "<group>"; };
		C342B2BE1F2186B9007F04FC /* FavConcern.json */ = {isa = PBXFileReference; fileEncoding = 4; lastKnownFileType = text.json; path = FavConcern.json; sourceTree = "<group>"; };
		C342B2BF1F2186B9007F04FC /* newMainPageFirst.json */ = {isa = PBXFileReference; fileEncoding = 4; lastKnownFileType = text.json; path = newMainPageFirst.json; sourceTree = "<group>"; };
		C342B2C01F2186B9007F04FC /* newMainPageSecond.json */ = {isa = PBXFileReference; fileEncoding = 4; lastKnownFileType = text.json; path = newMainPageSecond.json; sourceTree = "<group>"; };
		C342B2C11F2186B9007F04FC /* NewRecProduct.json */ = {isa = PBXFileReference; fileEncoding = 4; lastKnownFileType = text.json; path = NewRecProduct.json; sourceTree = "<group>"; };
		C342B2C21F2186B9007F04FC /* Userinfo.json */ = {isa = PBXFileReference; fileEncoding = 4; lastKnownFileType = text.json; path = Userinfo.json; sourceTree = "<group>"; };
		C342B2C41F2186B9007F04FC /* Car.h */ = {isa = PBXFileReference; fileEncoding = 4; lastKnownFileType = sourcecode.c.h; path = Car.h; sourceTree = "<group>"; };
		C342B2C51F2186B9007F04FC /* Car.m */ = {isa = PBXFileReference; fileEncoding = 4; lastKnownFileType = sourcecode.c.objc; path = Car.m; sourceTree = "<group>"; };
		C342B2C61F2186B9007F04FC /* FavModel.h */ = {isa = PBXFileReference; fileEncoding = 4; lastKnownFileType = sourcecode.c.h; path = FavModel.h; sourceTree = "<group>"; };
		C342B2C71F2186B9007F04FC /* FavModel.m */ = {isa = PBXFileReference; fileEncoding = 4; lastKnownFileType = sourcecode.c.objc; path = FavModel.m; sourceTree = "<group>"; };
		C342B2C81F2186B9007F04FC /* GalleryModel.h */ = {isa = PBXFileReference; fileEncoding = 4; lastKnownFileType = sourcecode.c.h; path = GalleryModel.h; sourceTree = "<group>"; };
		C342B2C91F2186B9007F04FC /* GalleryModel.m */ = {isa = PBXFileReference; fileEncoding = 4; lastKnownFileType = sourcecode.c.objc; path = GalleryModel.m; sourceTree = "<group>"; };
		C342B2CA1F2186B9007F04FC /* UserInfoModel.h */ = {isa = PBXFileReference; fileEncoding = 4; lastKnownFileType = sourcecode.c.h; path = UserInfoModel.h; sourceTree = "<group>"; };
		C342B2CB1F2186B9007F04FC /* UserInfoModel.m */ = {isa = PBXFileReference; fileEncoding = 4; lastKnownFileType = sourcecode.c.objc; path = UserInfoModel.m; sourceTree = "<group>"; };
		DD58AFFE238D01EE00E47BB1 /* OCTypes.json */ = {isa = PBXFileReference; fileEncoding = 4; lastKnownFileType = text.json; path = OCTypes.json; sourceTree = "<group>"; };
		DD58B000238D035B00E47BB1 /* OCTypes.h */ = {isa = PBXFileReference; lastKnownFileType = sourcecode.c.h; path = OCTypes.h; sourceTree = "<group>"; };
		DD58B001238D035B00E47BB1 /* OCTypes.m */ = {isa = PBXFileReference; lastKnownFileType = sourcecode.c.objc; path = OCTypes.m; sourceTree = "<group>"; };
		DD99FD0621EF0C3000584AC4 /* Video.json */ = {isa = PBXFileReference; fileEncoding = 4; lastKnownFileType = text.json; path = Video.json; sourceTree = "<group>"; };
		DD99FD0821EF0C4200584AC4 /* VideoList.h */ = {isa = PBXFileReference; lastKnownFileType = sourcecode.c.h; path = VideoList.h; sourceTree = "<group>"; };
		DD99FD0921EF0C4200584AC4 /* VideoList.m */ = {isa = PBXFileReference; lastKnownFileType = sourcecode.c.objc; path = VideoList.m; sourceTree = "<group>"; };
		DDA214162227C2700001F585 /* VideoInfo.json */ = {isa = PBXFileReference; fileEncoding = 4; lastKnownFileType = text.json; path = VideoInfo.json; sourceTree = "<group>"; };
		DDA214182227C31B0001F585 /* VideoInfo.h */ = {isa = PBXFileReference; lastKnownFileType = sourcecode.c.h; path = VideoInfo.h; sourceTree = "<group>"; };
		DDA214192227C31B0001F585 /* VideoInfo.m */ = {isa = PBXFileReference; lastKnownFileType = sourcecode.c.objc; path = VideoInfo.m; sourceTree = "<group>"; };
		E1BA55833FF4E3C7DBAA5CB0 /* Pods-SCJSONUtilDemo.debug.xcconfig */ = {isa = PBXFileReference; includeInIndex = 1; lastKnownFileType = text.xcconfig; name = "Pods-SCJSONUtilDemo.debug.xcconfig"; path = "Target Support Files/Pods-SCJSONUtilDemo/Pods-SCJSONUtilDemo.debug.xcconfig"; sourceTree = "<group>"; };
		E6C2B7C4033FF3CDBAC14D5E /* Pods_SCJSONUtilDemo.framework */ = {isa = PBXFileReference; explicitFileType = wrapper.framework; includeInIndex = 0; path = Pods_SCJSONUtilDemo.framework; sourceTree = BUILT_PRODUCTS_DIR; };
/* End PBXFileReference section */

/* Begin PBXFrameworksBuildPhase section */
		C342B2981F218554007F04FC /* Frameworks */ = {
			isa = PBXFrameworksBuildPhase;
			buildActionMask = 2147483647;
			files = (
				47463518475F39794456DCB7 /* Pods_SCJSONUtilDemo.framework in Frameworks */,
			);
			runOnlyForDeploymentPostprocessing = 0;
		};
/* End PBXFrameworksBuildPhase section */

/* Begin PBXGroup section */
		022D93A7048FC8A046037B37 /* Pods */ = {
			isa = PBXGroup;
			children = (
				E1BA55833FF4E3C7DBAA5CB0 /* Pods-SCJSONUtilDemo.debug.xcconfig */,
				068B6847047E9305872A6FA4 /* Pods-SCJSONUtilDemo.release.xcconfig */,
			);
			path = Pods;
			sourceTree = "<group>";
		};
		47DB86180D062E1A82A3A8A9 /* Frameworks */ = {
			isa = PBXGroup;
			children = (
				E6C2B7C4033FF3CDBAC14D5E /* Pods_SCJSONUtilDemo.framework */,
			);
			name = Frameworks;
			sourceTree = "<group>";
		};
		C342B2921F218554007F04FC = {
			isa = PBXGroup;
			children = (
				C342B29D1F218554007F04FC /* SCJSONUtilDemo */,
				C342B29C1F218554007F04FC /* Products */,
				47DB86180D062E1A82A3A8A9 /* Frameworks */,
				022D93A7048FC8A046037B37 /* Pods */,
			);
			sourceTree = "<group>";
		};
		C342B29C1F218554007F04FC /* Products */ = {
			isa = PBXGroup;
			children = (
				C342B29B1F218554007F04FC /* SCJSONUtilDemo.app */,
			);
			name = Products;
			sourceTree = "<group>";
		};
		C342B29D1F218554007F04FC /* SCJSONUtilDemo */ = {
			isa = PBXGroup;
			children = (
				C342B2B51F2186B9007F04FC /* debug */,
				C342B2BC1F2186B9007F04FC /* jsonfiles */,
				C342B2C31F2186B9007F04FC /* models */,
				C342B2A11F218554007F04FC /* AppDelegate.h */,
				C342B2A21F218554007F04FC /* AppDelegate.m */,
				C342B2A41F218554007F04FC /* ViewController.h */,
				C342B2A51F218554007F04FC /* ViewController.m */,
				C342B2A71F218554007F04FC /* Main.storyboard */,
				C342B2AA1F218554007F04FC /* Assets.xcassets */,
				C342B2AC1F218554007F04FC /* LaunchScreen.storyboard */,
				C342B2AF1F218554007F04FC /* Info.plist */,
				C342B29E1F218554007F04FC /* Supporting Files */,
			);
			path = SCJSONUtilDemo;
			sourceTree = "<group>";
		};
		C342B29E1F218554007F04FC /* Supporting Files */ = {
			isa = PBXGroup;
			children = (
				C342B29F1F218554007F04FC /* main.m */,
			);
			name = "Supporting Files";
			sourceTree = "<group>";
		};
		C342B2B51F2186B9007F04FC /* debug */ = {
			isa = PBXGroup;
			children = (
				C342B2B61F2186B9007F04FC /* NSArray+DebugDescription.h */,
				C342B2B71F2186B9007F04FC /* NSArray+DebugDescription.m */,
				C342B2B81F2186B9007F04FC /* NSObject+DebugDescription.h */,
				C342B2B91F2186B9007F04FC /* NSObject+DebugDescription.m */,
				C342B2BA1F2186B9007F04FC /* NSObject+PrintProperties.h */,
				C342B2BB1F2186B9007F04FC /* NSObject+PrintProperties.m */,
			);
			path = debug;
			sourceTree = "<group>";
		};
		C342B2BC1F2186B9007F04FC /* jsonfiles */ = {
			isa = PBXGroup;
			children = (
				DD99FD0621EF0C3000584AC4 /* Video.json */,
				C342B2BD1F2186B9007F04FC /* Car.json */,
				C342B2BE1F2186B9007F04FC /* FavConcern.json */,
				C342B2BF1F2186B9007F04FC /* newMainPageFirst.json */,
				C342B2C01F2186B9007F04FC /* newMainPageSecond.json */,
				C342B2C11F2186B9007F04FC /* NewRecProduct.json */,
				C342B2C21F2186B9007F04FC /* Userinfo.json */,
				DDA214162227C2700001F585 /* VideoInfo.json */,
				DD58AFFE238D01EE00E47BB1 /* OCTypes.json */,
			);
			path = jsonfiles;
			sourceTree = "<group>";
		};
		C342B2C31F2186B9007F04FC /* models */ = {
			isa = PBXGroup;
			children = (
				C342B2C41F2186B9007F04FC /* Car.h */,
				C342B2C51F2186B9007F04FC /* Car.m */,
				C342B2C61F2186B9007F04FC /* FavModel.h */,
				C342B2C71F2186B9007F04FC /* FavModel.m */,
				C342B2C81F2186B9007F04FC /* GalleryModel.h */,
				C342B2C91F2186B9007F04FC /* GalleryModel.m */,
				C342B2CA1F2186B9007F04FC /* UserInfoModel.h */,
				C342B2CB1F2186B9007F04FC /* UserInfoModel.m */,
				DD99FD0821EF0C4200584AC4 /* VideoList.h */,
				DD99FD0921EF0C4200584AC4 /* VideoList.m */,
				DDA214182227C31B0001F585 /* VideoInfo.h */,
				DDA214192227C31B0001F585 /* VideoInfo.m */,
				DD58B000238D035B00E47BB1 /* OCTypes.h */,
				DD58B001238D035B00E47BB1 /* OCTypes.m */,
			);
			path = models;
			sourceTree = "<group>";
		};
/* End PBXGroup section */

/* Begin PBXNativeTarget section */
		C342B29A1F218554007F04FC /* SCJSONUtilDemo */ = {
			isa = PBXNativeTarget;
			buildConfigurationList = C342B2B21F218554007F04FC /* Build configuration list for PBXNativeTarget "SCJSONUtilDemo" */;
			buildPhases = (
				A24A144F85492CB067857741 /* [CP] Check Pods Manifest.lock */,
				C342B2971F218554007F04FC /* Sources */,
				C342B2981F218554007F04FC /* Frameworks */,
				C342B2991F218554007F04FC /* Resources */,
				766A551F4EDC2091FE075FA5 /* [CP] Embed Pods Frameworks */,
			);
			buildRules = (
			);
			dependencies = (
			);
			name = SCJSONUtilDemo;
			productName = SCJSONUtilDemo;
			productReference = C342B29B1F218554007F04FC /* SCJSONUtilDemo.app */;
			productType = "com.apple.product-type.application";
		};
/* End PBXNativeTarget section */

/* Begin PBXProject section */
		C342B2931F218554007F04FC /* Project object */ = {
			isa = PBXProject;
			attributes = {
				LastUpgradeCheck = 1120;
				ORGANIZATIONNAME = xuqianlong;
				TargetAttributes = {
					C342B29A1F218554007F04FC = {
						CreatedOnToolsVersion = 8.3.2;
						ProvisioningStyle = Manual;
					};
				};
			};
			buildConfigurationList = C342B2961F218554007F04FC /* Build configuration list for PBXProject "SCJSONUtilDemo" */;
			compatibilityVersion = "Xcode 3.2";
			developmentRegion = en;
			hasScannedForEncodings = 0;
			knownRegions = (
				en,
				Base,
			);
			mainGroup = C342B2921F218554007F04FC;
			productRefGroup = C342B29C1F218554007F04FC /* Products */;
			projectDirPath = "";
			projectRoot = "";
			targets = (
				C342B29A1F218554007F04FC /* SCJSONUtilDemo */,
			);
		};
/* End PBXProject section */

/* Begin PBXResourcesBuildPhase section */
		C342B2991F218554007F04FC /* Resources */ = {
			isa = PBXResourcesBuildPhase;
			buildActionMask = 2147483647;
			files = (
				C342B2D01F2186B9007F04FC /* FavConcern.json in Resources */,
				C342B2AE1F218554007F04FC /* LaunchScreen.storyboard in Resources */,
				DDA214172227C2700001F585 /* VideoInfo.json in Resources */,
				DD58AFFF238D01EE00E47BB1 /* OCTypes.json in Resources */,
				C342B2D21F2186B9007F04FC /* newMainPageSecond.json in Resources */,
				C342B2AB1F218554007F04FC /* Assets.xcassets in Resources */,
				C342B2CF1F2186B9007F04FC /* Car.json in Resources */,
				C342B2D41F2186B9007F04FC /* Userinfo.json in Resources */,
				C342B2A91F218554007F04FC /* Main.storyboard in Resources */,
				DD99FD0721EF0C3000584AC4 /* Video.json in Resources */,
				C342B2D11F2186B9007F04FC /* newMainPageFirst.json in Resources */,
				C342B2D31F2186B9007F04FC /* NewRecProduct.json in Resources */,
			);
			runOnlyForDeploymentPostprocessing = 0;
		};
/* End PBXResourcesBuildPhase section */

/* Begin PBXShellScriptBuildPhase section */
		766A551F4EDC2091FE075FA5 /* [CP] Embed Pods Frameworks */ = {
			isa = PBXShellScriptBuildPhase;
			buildActionMask = 2147483647;
			files = (
			);
			inputPaths = (
				"${PODS_ROOT}/Target Support Files/Pods-SCJSONUtilDemo/Pods-SCJSONUtilDemo-frameworks.sh",
				"${BUILT_PRODUCTS_DIR}/SCJSONUtil/SCJSONUtil.framework",
			);
			name = "[CP] Embed Pods Frameworks";
			outputPaths = (
				"${TARGET_BUILD_DIR}/${FRAMEWORKS_FOLDER_PATH}/SCJSONUtil.framework",
			);
			runOnlyForDeploymentPostprocessing = 0;
			shellPath = /bin/sh;
			shellScript = "\"${PODS_ROOT}/Target Support Files/Pods-SCJSONUtilDemo/Pods-SCJSONUtilDemo-frameworks.sh\"\n";
			showEnvVarsInLog = 0;
		};
		A24A144F85492CB067857741 /* [CP] Check Pods Manifest.lock */ = {
			isa = PBXShellScriptBuildPhase;
			buildActionMask = 2147483647;
			files = (
			);
			inputFileListPaths = (
			);
			inputPaths = (
				"${PODS_PODFILE_DIR_PATH}/Podfile.lock",
				"${PODS_ROOT}/Manifest.lock",
			);
			name = "[CP] Check Pods Manifest.lock";
			outputFileListPaths = (
			);
			outputPaths = (
				"$(DERIVED_FILE_DIR)/Pods-SCJSONUtilDemo-checkManifestLockResult.txt",
			);
			runOnlyForDeploymentPostprocessing = 0;
			shellPath = /bin/sh;
			shellScript = "diff \"${PODS_PODFILE_DIR_PATH}/Podfile.lock\" \"${PODS_ROOT}/Manifest.lock\" > /dev/null\nif [ $? != 0 ] ; then\n    # print error to STDERR\n    echo \"error: The sandbox is not in sync with the Podfile.lock. Run 'pod install' or update your CocoaPods installation.\" >&2\n    exit 1\nfi\n# This output is used by Xcode 'outputs' to avoid re-running this script phase.\necho \"SUCCESS\" > \"${SCRIPT_OUTPUT_FILE_0}\"\n";
			showEnvVarsInLog = 0;
		};
/* End PBXShellScriptBuildPhase section */

/* Begin PBXSourcesBuildPhase section */
		C342B2971F218554007F04FC /* Sources */ = {
			isa = PBXSourcesBuildPhase;
			buildActionMask = 2147483647;
			files = (
				C342B2CE1F2186B9007F04FC /* NSObject+PrintProperties.m in Sources */,
				C342B2A61F218554007F04FC /* ViewController.m in Sources */,
				C342B2CD1F2186B9007F04FC /* NSObject+DebugDescription.m in Sources */,
				C342B2D71F2186B9007F04FC /* GalleryModel.m in Sources */,
				C342B2D61F2186B9007F04FC /* FavModel.m in Sources */,
				C342B2A31F218554007F04FC /* AppDelegate.m in Sources */,
				C342B2D81F2186B9007F04FC /* UserInfoModel.m in Sources */,
				C342B2D51F2186B9007F04FC /* Car.m in Sources */,
				DD58B002238D035B00E47BB1 /* OCTypes.m in Sources */,
				C342B2A01F218554007F04FC /* main.m in Sources */,
				DDA2141A2227C31B0001F585 /* VideoInfo.m in Sources */,
				DD99FD0A21EF0C4200584AC4 /* VideoList.m in Sources */,
				C342B2CC1F2186B9007F04FC /* NSArray+DebugDescription.m in Sources */,
			);
			runOnlyForDeploymentPostprocessing = 0;
		};
/* End PBXSourcesBuildPhase section */

/* Begin PBXVariantGroup section */
		C342B2A71F218554007F04FC /* Main.storyboard */ = {
			isa = PBXVariantGroup;
			children = (
				C342B2A81F218554007F04FC /* Base */,
			);
			name = Main.storyboard;
			sourceTree = "<group>";
		};
		C342B2AC1F218554007F04FC /* LaunchScreen.storyboard */ = {
			isa = PBXVariantGroup;
			children = (
				C342B2AD1F218554007F04FC /* Base */,
			);
			name = LaunchScreen.storyboard;
			sourceTree = "<group>";
		};
/* End PBXVariantGroup section */

/* Begin XCBuildConfiguration section */
		C342B2B01F218554007F04FC /* Debug */ = {
			isa = XCBuildConfiguration;
			buildSettings = {
				ALWAYS_SEARCH_USER_PATHS = NO;
				CLANG_ANALYZER_LOCALIZABILITY_NONLOCALIZED = YES;
				CLANG_ANALYZER_NONNULL = YES;
				CLANG_ANALYZER_NUMBER_OBJECT_CONVERSION = YES_AGGRESSIVE;
				CLANG_CXX_LANGUAGE_STANDARD = "gnu++0x";
				CLANG_CXX_LIBRARY = "libc++";
				CLANG_ENABLE_MODULES = YES;
				CLANG_ENABLE_OBJC_ARC = YES;
				CLANG_WARN_BLOCK_CAPTURE_AUTORELEASING = YES;
				CLANG_WARN_BOOL_CONVERSION = YES;
				CLANG_WARN_COMMA = YES;
				CLANG_WARN_CONSTANT_CONVERSION = YES;
				CLANG_WARN_DEPRECATED_OBJC_IMPLEMENTATIONS = YES;
				CLANG_WARN_DIRECT_OBJC_ISA_USAGE = YES_ERROR;
				CLANG_WARN_DOCUMENTATION_COMMENTS = YES;
				CLANG_WARN_EMPTY_BODY = YES;
				CLANG_WARN_ENUM_CONVERSION = YES;
				CLANG_WARN_INFINITE_RECURSION = YES;
				CLANG_WARN_INT_CONVERSION = YES;
				CLANG_WARN_NON_LITERAL_NULL_CONVERSION = YES;
				CLANG_WARN_OBJC_IMPLICIT_RETAIN_SELF = YES;
				CLANG_WARN_OBJC_LITERAL_CONVERSION = YES;
				CLANG_WARN_OBJC_ROOT_CLASS = YES_ERROR;
				CLANG_WARN_RANGE_LOOP_ANALYSIS = YES;
				CLANG_WARN_STRICT_PROTOTYPES = YES;
				CLANG_WARN_SUSPICIOUS_MOVE = YES;
				CLANG_WARN_UNREACHABLE_CODE = YES;
				CLANG_WARN__DUPLICATE_METHOD_MATCH = YES;
				"CODE_SIGN_IDENTITY[sdk=iphoneos*]" = "iPhone Developer";
				COPY_PHASE_STRIP = NO;
				DEBUG_INFORMATION_FORMAT = dwarf;
				ENABLE_STRICT_OBJC_MSGSEND = YES;
				ENABLE_TESTABILITY = YES;
				GCC_C_LANGUAGE_STANDARD = gnu99;
				GCC_DYNAMIC_NO_PIC = NO;
				GCC_NO_COMMON_BLOCKS = YES;
				GCC_OPTIMIZATION_LEVEL = 0;
				GCC_PREPROCESSOR_DEFINITIONS = (
					"DEBUG=1",
					"$(inherited)",
				);
				GCC_WARN_64_TO_32_BIT_CONVERSION = YES;
				GCC_WARN_ABOUT_RETURN_TYPE = YES_ERROR;
				GCC_WARN_UNDECLARED_SELECTOR = YES;
				GCC_WARN_UNINITIALIZED_AUTOS = YES_AGGRESSIVE;
				GCC_WARN_UNUSED_FUNCTION = YES;
				GCC_WARN_UNUSED_VARIABLE = YES;
				IPHONEOS_DEPLOYMENT_TARGET = 10.3;
				MTL_ENABLE_DEBUG_INFO = YES;
				ONLY_ACTIVE_ARCH = YES;
				SDKROOT = iphoneos;
				TARGETED_DEVICE_FAMILY = "1,2";
			};
			name = Debug;
		};
		C342B2B11F218554007F04FC /* Release */ = {
			isa = XCBuildConfiguration;
			buildSettings = {
				ALWAYS_SEARCH_USER_PATHS = NO;
				CLANG_ANALYZER_LOCALIZABILITY_NONLOCALIZED = YES;
				CLANG_ANALYZER_NONNULL = YES;
				CLANG_ANALYZER_NUMBER_OBJECT_CONVERSION = YES_AGGRESSIVE;
				CLANG_CXX_LANGUAGE_STANDARD = "gnu++0x";
				CLANG_CXX_LIBRARY = "libc++";
				CLANG_ENABLE_MODULES = YES;
				CLANG_ENABLE_OBJC_ARC = YES;
				CLANG_WARN_BLOCK_CAPTURE_AUTORELEASING = YES;
				CLANG_WARN_BOOL_CONVERSION = YES;
				CLANG_WARN_COMMA = YES;
				CLANG_WARN_CONSTANT_CONVERSION = YES;
				CLANG_WARN_DEPRECATED_OBJC_IMPLEMENTATIONS = YES;
				CLANG_WARN_DIRECT_OBJC_ISA_USAGE = YES_ERROR;
				CLANG_WARN_DOCUMENTATION_COMMENTS = YES;
				CLANG_WARN_EMPTY_BODY = YES;
				CLANG_WARN_ENUM_CONVERSION = YES;
				CLANG_WARN_INFINITE_RECURSION = YES;
				CLANG_WARN_INT_CONVERSION = YES;
				CLANG_WARN_NON_LITERAL_NULL_CONVERSION = YES;
				CLANG_WARN_OBJC_IMPLICIT_RETAIN_SELF = YES;
				CLANG_WARN_OBJC_LITERAL_CONVERSION = YES;
				CLANG_WARN_OBJC_ROOT_CLASS = YES_ERROR;
				CLANG_WARN_RANGE_LOOP_ANALYSIS = YES;
				CLANG_WARN_STRICT_PROTOTYPES = YES;
				CLANG_WARN_SUSPICIOUS_MOVE = YES;
				CLANG_WARN_UNREACHABLE_CODE = YES;
				CLANG_WARN__DUPLICATE_METHOD_MATCH = YES;
				"CODE_SIGN_IDENTITY[sdk=iphoneos*]" = "iPhone Developer";
				COPY_PHASE_STRIP = NO;
				DEBUG_INFORMATION_FORMAT = "dwarf-with-dsym";
				ENABLE_NS_ASSERTIONS = NO;
				ENABLE_STRICT_OBJC_MSGSEND = YES;
				GCC_C_LANGUAGE_STANDARD = gnu99;
				GCC_NO_COMMON_BLOCKS = YES;
				GCC_WARN_64_TO_32_BIT_CONVERSION = YES;
				GCC_WARN_ABOUT_RETURN_TYPE = YES_ERROR;
				GCC_WARN_UNDECLARED_SELECTOR = YES;
				GCC_WARN_UNINITIALIZED_AUTOS = YES_AGGRESSIVE;
				GCC_WARN_UNUSED_FUNCTION = YES;
				GCC_WARN_UNUSED_VARIABLE = YES;
				IPHONEOS_DEPLOYMENT_TARGET = 10.3;
				MTL_ENABLE_DEBUG_INFO = NO;
				SDKROOT = iphoneos;
				TARGETED_DEVICE_FAMILY = "1,2";
				VALIDATE_PRODUCT = YES;
			};
			name = Release;
		};
		C342B2B31F218554007F04FC /* Debug */ = {
			isa = XCBuildConfiguration;
			baseConfigurationReference = E1BA55833FF4E3C7DBAA5CB0 /* Pods-SCJSONUtilDemo.debug.xcconfig */;
			buildSettings = {
				ASSETCATALOG_COMPILER_APPICON_NAME = AppIcon;
				CODE_SIGN_STYLE = Manual;
				DEVELOPMENT_TEAM = "";
				INFOPLIST_FILE = SCJSONUtilDemo/Info.plist;
				IPHONEOS_DEPLOYMENT_TARGET = 8.0;
				LD_RUNPATH_SEARCH_PATHS = "$(inherited) @executable_path/Frameworks";
				PRODUCT_BUNDLE_IDENTIFIER = com.sohu.SCJSONUtilDemo;
				PRODUCT_NAME = "$(TARGET_NAME)";
				PROVISIONING_PROFILE_SPECIFIER = "";
				TARGETED_DEVICE_FAMILY = 2;
			};
			name = Debug;
		};
		C342B2B41F218554007F04FC /* Release */ = {
			isa = XCBuildConfiguration;
			baseConfigurationReference = 068B6847047E9305872A6FA4 /* Pods-SCJSONUtilDemo.release.xcconfig */;
			buildSettings = {
				ASSETCATALOG_COMPILER_APPICON_NAME = AppIcon;
				CODE_SIGN_STYLE = Manual;
				DEVELOPMENT_TEAM = "";
				INFOPLIST_FILE = SCJSONUtilDemo/Info.plist;
				IPHONEOS_DEPLOYMENT_TARGET = 8.0;
				LD_RUNPATH_SEARCH_PATHS = "$(inherited) @executable_path/Frameworks";
				PRODUCT_BUNDLE_IDENTIFIER = com.sohu.SCJSONUtilDemo;
				PRODUCT_NAME = "$(TARGET_NAME)";
				PROVISIONING_PROFILE_SPECIFIER = "";
				TARGETED_DEVICE_FAMILY = 2;
			};
			name = Release;
		};
/* End XCBuildConfiguration section */

/* Begin XCConfigurationList section */
		C342B2961F218554007F04FC /* Build configuration list for PBXProject "SCJSONUtilDemo" */ = {
			isa = XCConfigurationList;
			buildConfigurations = (
				C342B2B01F218554007F04FC /* Debug */,
				C342B2B11F218554007F04FC /* Release */,
			);
			defaultConfigurationIsVisible = 0;
			defaultConfigurationName = Release;
		};
		C342B2B21F218554007F04FC /* Build configuration list for PBXNativeTarget "SCJSONUtilDemo" */ = {
			isa = XCConfigurationList;
			buildConfigurations = (
				C342B2B31F218554007F04FC /* Debug */,
				C342B2B41F218554007F04FC /* Release */,
			);
			defaultConfigurationIsVisible = 0;
			defaultConfigurationName = Release;
		};
/* End XCConfigurationList section */
	};
	rootObject = C342B2931F218554007F04FC /* Project object */;
}
