// !$*UTF8*$!
{
	archiveVersion = 1;
	classes = {
	};
	objectVersion = 46;
	objects = {

/* Begin PBXBuildFile section */
		B4A9812F1B54FE1700A216AB /* main.m in Sources */ = {isa = PBXBuildFile; fileRef = B4A9812E1B54FE1700A216AB /* main.m */; };
		B4A981321B54FE1700A216AB /* AppDelegate.m in Sources */ = {isa = PBXBuildFile; fileRef = B4A981311B54FE1700A216AB /* AppDelegate.m */; };
		B4A981351B54FE1700A216AB /* ViewController.m in Sources */ = {isa = PBXBuildFile; fileRef = B4A981341B54FE1700A216AB /* ViewController.m */; };
		B4A981381B54FE1700A216AB /* Main.storyboard in Resources */ = {isa = PBXBuildFile; fileRef = B4A981361B54FE1700A216AB /* Main.storyboard */; };
		B4A9813A1B54FE1700A216AB /* Images.xcassets in Resources */ = {isa = PBXBuildFile; fileRef = B4A981391B54FE1700A216AB /* Images.xcassets */; };
		B4A9813D1B54FE1700A216AB /* LaunchScreen.xib in Resources */ = {isa = PBXBuildFile; fileRef = B4A9813B1B54FE1700A216AB /* LaunchScreen.xib */; };
		B4CC61761E083A6900DF9B29 /* NSArray+DebugDescription.m in Sources */ = {isa = PBXBuildFile; fileRef = B4CC61671E083A6900DF9B29 /* NSArray+DebugDescription.m */; };
		B4CC61771E083A6900DF9B29 /* NSObject+DebugDescription.m in Sources */ = {isa = PBXBuildFile; fileRef = B4CC61691E083A6900DF9B29 /* NSObject+DebugDescription.m */; };
		B4CC61781E083A6900DF9B29 /* NSObject+PrintProperties.m in Sources */ = {isa = PBXBuildFile; fileRef = B4CC616B1E083A6900DF9B29 /* NSObject+PrintProperties.m */; };
		B4CC61791E083A6900DF9B29 /* Car.json in Resources */ = {isa = PBXBuildFile; fileRef = B4CC616D1E083A6900DF9B29 /* Car.json */; };
		B4CC617A1E083A6900DF9B29 /* FavConcern.json in Resources */ = {isa = PBXBuildFile; fileRef = B4CC616E1E083A6900DF9B29 /* FavConcern.json */; };
		B4CC617B1E083A6900DF9B29 /* newMainPageFirst.json in Resources */ = {isa = PBXBuildFile; fileRef = B4CC616F1E083A6900DF9B29 /* newMainPageFirst.json */; };
		B4CC617C1E083A6900DF9B29 /* newMainPageSecond.json in Resources */ = {isa = PBXBuildFile; fileRef = B4CC61701E083A6900DF9B29 /* newMainPageSecond.json */; };
		B4CC617D1E083A6900DF9B29 /* NewRecProduct.json in Resources */ = {isa = PBXBuildFile; fileRef = B4CC61711E083A6900DF9B29 /* NewRecProduct.json */; };
		B4CC617E1E083A6900DF9B29 /* Userinfo.json in Resources */ = {isa = PBXBuildFile; fileRef = B4CC61721E083A6900DF9B29 /* Userinfo.json */; };
		B4CC617F1E083A6900DF9B29 /* JSONUtil.m in Sources */ = {isa = PBXBuildFile; fileRef = B4CC61751E083A6900DF9B29 /* JSONUtil.m */; };
		B4CC61891E083A8F00DF9B29 /* Car.m in Sources */ = {isa = PBXBuildFile; fileRef = B4CC61821E083A8F00DF9B29 /* Car.m */; };
		B4CC618A1E083A8F00DF9B29 /* FavModel.m in Sources */ = {isa = PBXBuildFile; fileRef = B4CC61841E083A8F00DF9B29 /* FavModel.m */; };
		B4CC618B1E083A8F00DF9B29 /* GalleryModel.m in Sources */ = {isa = PBXBuildFile; fileRef = B4CC61861E083A8F00DF9B29 /* GalleryModel.m */; };
		B4CC618C1E083A8F00DF9B29 /* UserInfoModel.m in Sources */ = {isa = PBXBuildFile; fileRef = B4CC61881E083A8F00DF9B29 /* UserInfoModel.m */; };
/* End PBXBuildFile section */

/* Begin PBXFileReference section */
		B4A981291B54FE1700A216AB /* QLJSON2Model.app */ = {isa = PBXFileReference; explicitFileType = wrapper.application; includeInIndex = 0; path = QLJSON2Model.app; sourceTree = BUILT_PRODUCTS_DIR; };
		B4A9812D1B54FE1700A216AB /* Info.plist */ = {isa = PBXFileReference; lastKnownFileType = text.plist.xml; path = Info.plist; sourceTree = "<group>"; };
		B4A9812E1B54FE1700A216AB /* main.m */ = {isa = PBXFileReference; lastKnownFileType = sourcecode.c.objc; path = main.m; sourceTree = "<group>"; };
		B4A981301B54FE1700A216AB /* AppDelegate.h */ = {isa = PBXFileReference; lastKnownFileType = sourcecode.c.h; path = AppDelegate.h; sourceTree = "<group>"; };
		B4A981311B54FE1700A216AB /* AppDelegate.m */ = {isa = PBXFileReference; lastKnownFileType = sourcecode.c.objc; path = AppDelegate.m; sourceTree = "<group>"; };
		B4A981331B54FE1700A216AB /* ViewController.h */ = {isa = PBXFileReference; lastKnownFileType = sourcecode.c.h; path = ViewController.h; sourceTree = "<group>"; };
		B4A981341B54FE1700A216AB /* ViewController.m */ = {isa = PBXFileReference; lastKnownFileType = sourcecode.c.objc; path = ViewController.m; sourceTree = "<group>"; };
		B4A981371B54FE1700A216AB /* Base */ = {isa = PBXFileReference; lastKnownFileType = file.storyboard; name = Base; path = Base.lproj/Main.storyboard; sourceTree = "<group>"; };
		B4A981391B54FE1700A216AB /* Images.xcassets */ = {isa = PBXFileReference; lastKnownFileType = folder.assetcatalog; path = Images.xcassets; sourceTree = "<group>"; };
		B4A9813C1B54FE1700A216AB /* Base */ = {isa = PBXFileReference; lastKnownFileType = file.xib; name = Base; path = Base.lproj/LaunchScreen.xib; sourceTree = "<group>"; };
		B4A981471B54FE1700A216AB /* Info.plist */ = {isa = PBXFileReference; lastKnownFileType = text.plist.xml; path = Info.plist; sourceTree = "<group>"; };
		B4A981481B54FE1700A216AB /* QLJSON2ModelTests.m */ = {isa = PBXFileReference; lastKnownFileType = sourcecode.c.objc; path = QLJSON2ModelTests.m; sourceTree = "<group>"; };
		B4CC61661E083A6900DF9B29 /* NSArray+DebugDescription.h */ = {isa = PBXFileReference; fileEncoding = 4; lastKnownFileType = sourcecode.c.h; path = "NSArray+DebugDescription.h"; sourceTree = "<group>"; };
		B4CC61671E083A6900DF9B29 /* NSArray+DebugDescription.m */ = {isa = PBXFileReference; fileEncoding = 4; lastKnownFileType = sourcecode.c.objc; path = "NSArray+DebugDescription.m"; sourceTree = "<group>"; };
		B4CC61681E083A6900DF9B29 /* NSObject+DebugDescription.h */ = {isa = PBXFileReference; fileEncoding = 4; lastKnownFileType = sourcecode.c.h; path = "NSObject+DebugDescription.h"; sourceTree = "<group>"; };
		B4CC61691E083A6900DF9B29 /* NSObject+DebugDescription.m */ = {isa = PBXFileReference; fileEncoding = 4; lastKnownFileType = sourcecode.c.objc; path = "NSObject+DebugDescription.m"; sourceTree = "<group>"; };
		B4CC616A1E083A6900DF9B29 /* NSObject+PrintProperties.h */ = {isa = PBXFileReference; fileEncoding = 4; lastKnownFileType = sourcecode.c.h; path = "NSObject+PrintProperties.h"; sourceTree = "<group>"; };
		B4CC616B1E083A6900DF9B29 /* NSObject+PrintProperties.m */ = {isa = PBXFileReference; fileEncoding = 4; lastKnownFileType = sourcecode.c.objc; path = "NSObject+PrintProperties.m"; sourceTree = "<group>"; };
		B4CC616D1E083A6900DF9B29 /* Car.json */ = {isa = PBXFileReference; fileEncoding = 4; lastKnownFileType = text.json; path = Car.json; sourceTree = "<group>"; };
		B4CC616E1E083A6900DF9B29 /* FavConcern.json */ = {isa = PBXFileReference; fileEncoding = 4; lastKnownFileType = text.json; path = FavConcern.json; sourceTree = "<group>"; };
		B4CC616F1E083A6900DF9B29 /* newMainPageFirst.json */ = {isa = PBXFileReference; fileEncoding = 4; lastKnownFileType = text.json; path = newMainPageFirst.json; sourceTree = "<group>"; };
		B4CC61701E083A6900DF9B29 /* newMainPageSecond.json */ = {isa = PBXFileReference; fileEncoding = 4; lastKnownFileType = text.json; path = newMainPageSecond.json; sourceTree = "<group>"; };
		B4CC61711E083A6900DF9B29 /* NewRecProduct.json */ = {isa = PBXFileReference; fileEncoding = 4; lastKnownFileType = text.json; path = NewRecProduct.json; sourceTree = "<group>"; };
		B4CC61721E083A6900DF9B29 /* Userinfo.json */ = {isa = PBXFileReference; fileEncoding = 4; lastKnownFileType = text.json; path = Userinfo.json; sourceTree = "<group>"; };
		B4CC61741E083A6900DF9B29 /* JSONUtil.h */ = {isa = PBXFileReference; fileEncoding = 4; lastKnownFileType = sourcecode.c.h; path = JSONUtil.h; sourceTree = "<group>"; };
		B4CC61751E083A6900DF9B29 /* JSONUtil.m */ = {isa = PBXFileReference; fileEncoding = 4; lastKnownFileType = sourcecode.c.objc; path = JSONUtil.m; sourceTree = "<group>"; };
		B4CC61811E083A8F00DF9B29 /* Car.h */ = {isa = PBXFileReference; fileEncoding = 4; lastKnownFileType = sourcecode.c.h; path = Car.h; sourceTree = "<group>"; };
		B4CC61821E083A8F00DF9B29 /* Car.m */ = {isa = PBXFileReference; fileEncoding = 4; lastKnownFileType = sourcecode.c.objc; path = Car.m; sourceTree = "<group>"; };
		B4CC61831E083A8F00DF9B29 /* FavModel.h */ = {isa = PBXFileReference; fileEncoding = 4; lastKnownFileType = sourcecode.c.h; path = FavModel.h; sourceTree = "<group>"; };
		B4CC61841E083A8F00DF9B29 /* FavModel.m */ = {isa = PBXFileReference; fileEncoding = 4; lastKnownFileType = sourcecode.c.objc; path = FavModel.m; sourceTree = "<group>"; };
		B4CC61851E083A8F00DF9B29 /* GalleryModel.h */ = {isa = PBXFileReference; fileEncoding = 4; lastKnownFileType = sourcecode.c.h; path = GalleryModel.h; sourceTree = "<group>"; };
		B4CC61861E083A8F00DF9B29 /* GalleryModel.m */ = {isa = PBXFileReference; fileEncoding = 4; lastKnownFileType = sourcecode.c.objc; path = GalleryModel.m; sourceTree = "<group>"; };
		B4CC61871E083A8F00DF9B29 /* UserInfoModel.h */ = {isa = PBXFileReference; fileEncoding = 4; lastKnownFileType = sourcecode.c.h; path = UserInfoModel.h; sourceTree = "<group>"; };
		B4CC61881E083A8F00DF9B29 /* UserInfoModel.m */ = {isa = PBXFileReference; fileEncoding = 4; lastKnownFileType = sourcecode.c.objc; path = UserInfoModel.m; sourceTree = "<group>"; };
/* End PBXFileReference section */

/* Begin PBXFrameworksBuildPhase section */
		B4A981261B54FE1700A216AB /* Frameworks */ = {
			isa = PBXFrameworksBuildPhase;
			buildActionMask = 2147483647;
			files = (
			);
			runOnlyForDeploymentPostprocessing = 0;
		};
/* End PBXFrameworksBuildPhase section */

/* Begin PBXGroup section */
		B4A981201B54FE1700A216AB = {
			isa = PBXGroup;
			children = (
				B4A9812B1B54FE1700A216AB /* QLJSON2Model */,
				B4A981451B54FE1700A216AB /* QLJSON2ModelTests */,
				B4A9812A1B54FE1700A216AB /* Products */,
			);
			sourceTree = "<group>";
		};
		B4A9812A1B54FE1700A216AB /* Products */ = {
			isa = PBXGroup;
			children = (
				B4A981291B54FE1700A216AB /* QLJSON2Model.app */,
			);
			name = Products;
			sourceTree = "<group>";
		};
		B4A9812B1B54FE1700A216AB /* QLJSON2Model */ = {
			isa = PBXGroup;
			children = (
				B4CC61651E083A6900DF9B29 /* debug */,
				B4CC616C1E083A6900DF9B29 /* jsonfiles */,
				B4CC61801E083A8F00DF9B29 /* models */,
				B4CC61731E083A6900DF9B29 /* JSONUtil */,
				B4A981301B54FE1700A216AB /* AppDelegate.h */,
				B4A981311B54FE1700A216AB /* AppDelegate.m */,
				B4A981331B54FE1700A216AB /* ViewController.h */,
				B4A981341B54FE1700A216AB /* ViewController.m */,
				B4A981361B54FE1700A216AB /* Main.storyboard */,
				B4A981391B54FE1700A216AB /* Images.xcassets */,
				B4A9813B1B54FE1700A216AB /* LaunchScreen.xib */,
				B4A9812C1B54FE1700A216AB /* Supporting Files */,
			);
			path = QLJSON2Model;
			sourceTree = "<group>";
		};
		B4A9812C1B54FE1700A216AB /* Supporting Files */ = {
			isa = PBXGroup;
			children = (
				B4A9812D1B54FE1700A216AB /* Info.plist */,
				B4A9812E1B54FE1700A216AB /* main.m */,
			);
			name = "Supporting Files";
			sourceTree = "<group>";
		};
		B4A981451B54FE1700A216AB /* QLJSON2ModelTests */ = {
			isa = PBXGroup;
			children = (
				B4A981481B54FE1700A216AB /* QLJSON2ModelTests.m */,
				B4A981461B54FE1700A216AB /* Supporting Files */,
			);
			path = QLJSON2ModelTests;
			sourceTree = "<group>";
		};
		B4A981461B54FE1700A216AB /* Supporting Files */ = {
			isa = PBXGroup;
			children = (
				B4A981471B54FE1700A216AB /* Info.plist */,
			);
			name = "Supporting Files";
			sourceTree = "<group>";
		};
		B4CC61651E083A6900DF9B29 /* debug */ = {
			isa = PBXGroup;
			children = (
				B4CC61661E083A6900DF9B29 /* NSArray+DebugDescription.h */,
				B4CC61671E083A6900DF9B29 /* NSArray+DebugDescription.m */,
				B4CC61681E083A6900DF9B29 /* NSObject+DebugDescription.h */,
				B4CC61691E083A6900DF9B29 /* NSObject+DebugDescription.m */,
				B4CC616A1E083A6900DF9B29 /* NSObject+PrintProperties.h */,
				B4CC616B1E083A6900DF9B29 /* NSObject+PrintProperties.m */,
			);
			path = debug;
			sourceTree = "<group>";
		};
		B4CC616C1E083A6900DF9B29 /* jsonfiles */ = {
			isa = PBXGroup;
			children = (
				B4CC616D1E083A6900DF9B29 /* Car.json */,
				B4CC616E1E083A6900DF9B29 /* FavConcern.json */,
				B4CC616F1E083A6900DF9B29 /* newMainPageFirst.json */,
				B4CC61701E083A6900DF9B29 /* newMainPageSecond.json */,
				B4CC61711E083A6900DF9B29 /* NewRecProduct.json */,
				B4CC61721E083A6900DF9B29 /* Userinfo.json */,
			);
			path = jsonfiles;
			sourceTree = "<group>";
		};
		B4CC61731E083A6900DF9B29 /* JSONUtil */ = {
			isa = PBXGroup;
			children = (
				B4CC61741E083A6900DF9B29 /* JSONUtil.h */,
				B4CC61751E083A6900DF9B29 /* JSONUtil.m */,
			);
			path = JSONUtil;
			sourceTree = "<group>";
		};
		B4CC61801E083A8F00DF9B29 /* models */ = {
			isa = PBXGroup;
			children = (
				B4CC61811E083A8F00DF9B29 /* Car.h */,
				B4CC61821E083A8F00DF9B29 /* Car.m */,
				B4CC61831E083A8F00DF9B29 /* FavModel.h */,
				B4CC61841E083A8F00DF9B29 /* FavModel.m */,
				B4CC61851E083A8F00DF9B29 /* GalleryModel.h */,
				B4CC61861E083A8F00DF9B29 /* GalleryModel.m */,
				B4CC61871E083A8F00DF9B29 /* UserInfoModel.h */,
				B4CC61881E083A8F00DF9B29 /* UserInfoModel.m */,
			);
			path = models;
			sourceTree = "<group>";
		};
/* End PBXGroup section */

/* Begin PBXNativeTarget section */
		B4A981281B54FE1700A216AB /* QLJSON2Model */ = {
			isa = PBXNativeTarget;
			buildConfigurationList = B4A9814C1B54FE1700A216AB /* Build configuration list for PBXNativeTarget "QLJSON2Model" */;
			buildPhases = (
				B4A981251B54FE1700A216AB /* Sources */,
				B4A981261B54FE1700A216AB /* Frameworks */,
				B4A981271B54FE1700A216AB /* Resources */,
			);
			buildRules = (
			);
			dependencies = (
			);
			name = QLJSON2Model;
			productName = QLJSON2Model;
			productReference = B4A981291B54FE1700A216AB /* QLJSON2Model.app */;
			productType = "com.apple.product-type.application";
		};
/* End PBXNativeTarget section */

/* Begin PBXProject section */
		B4A981211B54FE1700A216AB /* Project object */ = {
			isa = PBXProject;
			attributes = {
				LastUpgradeCheck = 0700;
				ORGANIZATIONNAME = xuqianlong;
				TargetAttributes = {
					B4A981281B54FE1700A216AB = {
						CreatedOnToolsVersion = 6.3.1;
					};
				};
			};
			buildConfigurationList = B4A981241B54FE1700A216AB /* Build configuration list for PBXProject "QLJSON2Model" */;
			compatibilityVersion = "Xcode 3.2";
			developmentRegion = English;
			hasScannedForEncodings = 0;
			knownRegions = (
				en,
				Base,
			);
			mainGroup = B4A981201B54FE1700A216AB;
			productRefGroup = B4A9812A1B54FE1700A216AB /* Products */;
			projectDirPath = "";
			projectRoot = "";
			targets = (
				B4A981281B54FE1700A216AB /* QLJSON2Model */,
			);
		};
/* End PBXProject section */

/* Begin PBXResourcesBuildPhase section */
		B4A981271B54FE1700A216AB /* Resources */ = {
			isa = PBXResourcesBuildPhase;
			buildActionMask = 2147483647;
			files = (
				B4A981381B54FE1700A216AB /* Main.storyboard in Resources */,
				B4CC617D1E083A6900DF9B29 /* NewRecProduct.json in Resources */,
				B4CC61791E083A6900DF9B29 /* Car.json in Resources */,
				B4CC617B1E083A6900DF9B29 /* newMainPageFirst.json in Resources */,
				B4CC617E1E083A6900DF9B29 /* Userinfo.json in Resources */,
				B4A9813D1B54FE1700A216AB /* LaunchScreen.xib in Resources */,
				B4A9813A1B54FE1700A216AB /* Images.xcassets in Resources */,
				B4CC617A1E083A6900DF9B29 /* FavConcern.json in Resources */,
				B4CC617C1E083A6900DF9B29 /* newMainPageSecond.json in Resources */,
			);
			runOnlyForDeploymentPostprocessing = 0;
		};
/* End PBXResourcesBuildPhase section */

/* Begin PBXSourcesBuildPhase section */
		B4A981251B54FE1700A216AB /* Sources */ = {
			isa = PBXSourcesBuildPhase;
			buildActionMask = 2147483647;
			files = (
				B4A981351B54FE1700A216AB /* ViewController.m in Sources */,
				B4CC61781E083A6900DF9B29 /* NSObject+PrintProperties.m in Sources */,
				B4CC618B1E083A8F00DF9B29 /* GalleryModel.m in Sources */,
				B4CC61761E083A6900DF9B29 /* NSArray+DebugDescription.m in Sources */,
				B4A981321B54FE1700A216AB /* AppDelegate.m in Sources */,
				B4CC618A1E083A8F00DF9B29 /* FavModel.m in Sources */,
				B4CC618C1E083A8F00DF9B29 /* UserInfoModel.m in Sources */,
				B4CC617F1E083A6900DF9B29 /* JSONUtil.m in Sources */,
				B4CC61771E083A6900DF9B29 /* NSObject+DebugDescription.m in Sources */,
				B4CC61891E083A8F00DF9B29 /* Car.m in Sources */,
				B4A9812F1B54FE1700A216AB /* main.m in Sources */,
			);
			runOnlyForDeploymentPostprocessing = 0;
		};
/* End PBXSourcesBuildPhase section */

/* Begin PBXVariantGroup section */
		B4A981361B54FE1700A216AB /* Main.storyboard */ = {
			isa = PBXVariantGroup;
			children = (
				B4A981371B54FE1700A216AB /* Base */,
			);
			name = Main.storyboard;
			sourceTree = "<group>";
		};
		B4A9813B1B54FE1700A216AB /* LaunchScreen.xib */ = {
			isa = PBXVariantGroup;
			children = (
				B4A9813C1B54FE1700A216AB /* Base */,
			);
			name = LaunchScreen.xib;
			sourceTree = "<group>";
		};
/* End PBXVariantGroup section */

/* Begin XCBuildConfiguration section */
		B4A9814A1B54FE1700A216AB /* Debug */ = {
			isa = XCBuildConfiguration;
			buildSettings = {
				ALWAYS_SEARCH_USER_PATHS = NO;
				CLANG_CXX_LANGUAGE_STANDARD = "gnu++0x";
				CLANG_CXX_LIBRARY = "libc++";
				CLANG_ENABLE_MODULES = YES;
				CLANG_ENABLE_OBJC_ARC = YES;
				CLANG_WARN_BOOL_CONVERSION = YES;
				CLANG_WARN_CONSTANT_CONVERSION = YES;
				CLANG_WARN_DIRECT_OBJC_ISA_USAGE = YES_ERROR;
				CLANG_WARN_EMPTY_BODY = YES;
				CLANG_WARN_ENUM_CONVERSION = YES;
				CLANG_WARN_INT_CONVERSION = YES;
				CLANG_WARN_OBJC_ROOT_CLASS = YES_ERROR;
				CLANG_WARN_UNREACHABLE_CODE = YES;
				CLANG_WARN__DUPLICATE_METHOD_MATCH = YES;
				"CODE_SIGN_IDENTITY[sdk=iphoneos*]" = "iPhone Developer";
				COPY_PHASE_STRIP = NO;
				DEBUG_INFORMATION_FORMAT = "dwarf-with-dsym";
				ENABLE_STRICT_OBJC_MSGSEND = YES;
				ENABLE_TESTABILITY = YES;
				GCC_C_LANGUAGE_STANDARD = gnu99;
				GCC_DYNAMIC_NO_PIC = NO;
				GCC_NO_COMMON_BLOCKS = YES;
				GCC_OPTIMIZATION_LEVEL = 0;
				GCC_PREPROCESSOR_DEFINITIONS = (
					"DEBUG=1",
					"$(inherited)",
				);
				GCC_SYMBOLS_PRIVATE_EXTERN = NO;
				GCC_WARN_64_TO_32_BIT_CONVERSION = YES;
				GCC_WARN_ABOUT_RETURN_TYPE = YES_ERROR;
				GCC_WARN_UNDECLARED_SELECTOR = YES;
				GCC_WARN_UNINITIALIZED_AUTOS = YES_AGGRESSIVE;
				GCC_WARN_UNUSED_FUNCTION = YES;
				GCC_WARN_UNUSED_VARIABLE = YES;
				IPHONEOS_DEPLOYMENT_TARGET = 6.1;
				MTL_ENABLE_DEBUG_INFO = YES;
				ONLY_ACTIVE_ARCH = YES;
				SDKROOT = iphoneos;
				TARGETED_DEVICE_FAMILY = "1,2";
			};
			name = Debug;
		};
		B4A9814B1B54FE1700A216AB /* Release */ = {
			isa = XCBuildConfiguration;
			buildSettings = {
				ALWAYS_SEARCH_USER_PATHS = NO;
				CLANG_CXX_LANGUAGE_STANDARD = "gnu++0x";
				CLANG_CXX_LIBRARY = "libc++";
				CLANG_ENABLE_MODULES = YES;
				CLANG_ENABLE_OBJC_ARC = YES;
				CLANG_WARN_BOOL_CONVERSION = YES;
				CLANG_WARN_CONSTANT_CONVERSION = YES;
				CLANG_WARN_DIRECT_OBJC_ISA_USAGE = YES_ERROR;
				CLANG_WARN_EMPTY_BODY = YES;
				CLANG_WARN_ENUM_CONVERSION = YES;
				CLANG_WARN_INT_CONVERSION = YES;
				CLANG_WARN_OBJC_ROOT_CLASS = YES_ERROR;
				CLANG_WARN_UNREACHABLE_CODE = YES;
				CLANG_WARN__DUPLICATE_METHOD_MATCH = YES;
				"CODE_SIGN_IDENTITY[sdk=iphoneos*]" = "iPhone Developer";
				COPY_PHASE_STRIP = NO;
				DEBUG_INFORMATION_FORMAT = "dwarf-with-dsym";
				ENABLE_NS_ASSERTIONS = NO;
				ENABLE_STRICT_OBJC_MSGSEND = YES;
				GCC_C_LANGUAGE_STANDARD = gnu99;
				GCC_NO_COMMON_BLOCKS = YES;
				GCC_WARN_64_TO_32_BIT_CONVERSION = YES;
				GCC_WARN_ABOUT_RETURN_TYPE = YES_ERROR;
				GCC_WARN_UNDECLARED_SELECTOR = YES;
				GCC_WARN_UNINITIALIZED_AUTOS = YES_AGGRESSIVE;
				GCC_WARN_UNUSED_FUNCTION = YES;
				GCC_WARN_UNUSED_VARIABLE = YES;
				IPHONEOS_DEPLOYMENT_TARGET = 6.1;
				MTL_ENABLE_DEBUG_INFO = NO;
				SDKROOT = iphoneos;
				TARGETED_DEVICE_FAMILY = "1,2";
				VALIDATE_PRODUCT = YES;
			};
			name = Release;
		};
		B4A9814D1B54FE1700A216AB /* Debug */ = {
			isa = XCBuildConfiguration;
			buildSettings = {
				ASSETCATALOG_COMPILER_APPICON_NAME = AppIcon;
				INFOPLIST_FILE = QLJSON2Model/Info.plist;
				LD_RUNPATH_SEARCH_PATHS = "$(inherited) @executable_path/Frameworks";
				PRODUCT_BUNDLE_IDENTIFIER = debugly.JSONUtil;
				PRODUCT_NAME = "$(TARGET_NAME)";
			};
			name = Debug;
		};
		B4A9814E1B54FE1700A216AB /* Release */ = {
			isa = XCBuildConfiguration;
			buildSettings = {
				ASSETCATALOG_COMPILER_APPICON_NAME = AppIcon;
				INFOPLIST_FILE = QLJSON2Model/Info.plist;
				LD_RUNPATH_SEARCH_PATHS = "$(inherited) @executable_path/Frameworks";
				PRODUCT_BUNDLE_IDENTIFIER = debugly.JSONUtil;
				PRODUCT_NAME = "$(TARGET_NAME)";
			};
			name = Release;
		};
/* End XCBuildConfiguration section */

/* Begin XCConfigurationList section */
		B4A981241B54FE1700A216AB /* Build configuration list for PBXProject "QLJSON2Model" */ = {
			isa = XCConfigurationList;
			buildConfigurations = (
				B4A9814A1B54FE1700A216AB /* Debug */,
				B4A9814B1B54FE1700A216AB /* Release */,
			);
			defaultConfigurationIsVisible = 0;
			defaultConfigurationName = Release;
		};
		B4A9814C1B54FE1700A216AB /* Build configuration list for PBXNativeTarget "QLJSON2Model" */ = {
			isa = XCConfigurationList;
			buildConfigurations = (
				B4A9814D1B54FE1700A216AB /* Debug */,
				B4A9814E1B54FE1700A216AB /* Release */,
			);
			defaultConfigurationIsVisible = 0;
			defaultConfigurationName = Release;
		};
/* End XCConfigurationList section */
	};
	rootObject = B4A981211B54FE1700A216AB /* Project object */;
}
